
Microsoft Visual Studio Solution File, Format Version 12.00
# Visual Studio Version 16
VisualStudioVersion = 16.0.29806.167
MinimumVisualStudioVersion = 10.0.40219.1
Project("{9A19103F-16F7-4668-BE54-9A1E7A4F7556}") = "LeaveManagement.Web", "LeaveManagement.Web\LeaveManagement.Web.csproj", "{EA81E530-B3F0-46B7-A53B-C9AE40D5742F}"
EndProject
Project("{9A19103F-16F7-4668-BE54-9A1E7A4F7556}") = "LeaveManagement.DomainModel", "LeaveManagement.DomainModel\LeaveManagement.DomainModel.csproj", "{071CE2CA-A9AC-4956-AA33-460B198AACC9}"
EndProject
Project("{9A19103F-16F7-4668-BE54-9A1E7A4F7556}") = "LeaveManagement.Repository", "LeaveManagement.Repository\LeaveManagement.Repository.csproj", "{786FCB89-B186-4C26-9916-096DFC3C2CE2}"
EndProject
Project("{9A19103F-16F7-4668-BE54-9A1E7A4F7556}") = "LeaveManagement.Core", "LeaveManagement.Core\LeaveManagement.Core.csproj", "{DFBF64DC-A67A-4D4B-B62E-6FA6B2FC2C36}"
EndProject
Global
	GlobalSection(SolutionConfigurationPlatforms) = preSolution
		Debug|Any CPU = Debug|Any CPU
		Release|Any CPU = Release|Any CPU
	EndGlobalSection
	GlobalSection(ProjectConfigurationPlatforms) = postSolution
		{EA81E530-B3F0-46B7-A53B-C9AE40D5742F}.Debug|Any CPU.ActiveCfg = Debug|Any CPU
		{EA81E530-B3F0-46B7-A53B-C9AE40D5742F}.Debug|Any CPU.Build.0 = Debug|Any CPU
		{EA81E530-B3F0-46B7-A53B-C9AE40D5742F}.Release|Any CPU.ActiveCfg = Release|Any CPU
		{EA81E530-B3F0-46B7-A53B-C9AE40D5742F}.Release|Any CPU.Build.0 = Release|Any CPU
		{071CE2CA-A9AC-4956-AA33-460B198AACC9}.Debug|Any CPU.ActiveCfg = Debug|Any CPU
		{071CE2CA-A9AC-4956-AA33-460B198AACC9}.Debug|Any CPU.Build.0 = Debug|Any CPU
		{071CE2CA-A9AC-4956-AA33-460B198AACC9}.Release|Any CPU.ActiveCfg = Release|Any CPU
		{071CE2CA-A9AC-4956-AA33-460B198AACC9}.Release|Any CPU.Build.0 = Release|Any CPU
		{786FCB89-B186-4C26-9916-096DFC3C2CE2}.Debug|Any CPU.ActiveCfg = Debug|Any CPU
		{786FCB89-B186-4C26-9916-096DFC3C2CE2}.Debug|Any CPU.Build.0 = Debug|Any CPU
		{786FCB89-B186-4C26-9916-096DFC3C2CE2}.Release|Any CPU.ActiveCfg = Release|Any CPU
		{786FCB89-B186-4C26-9916-096DFC3C2CE2}.Release|Any CPU.Build.0 = Release|Any CPU
		{DFBF64DC-A67A-4D4B-B62E-6FA6B2FC2C36}.Debug|Any CPU.ActiveCfg = Debug|Any CPU
		{DFBF64DC-A67A-4D4B-B62E-6FA6B2FC2C36}.Debug|Any CPU.Build.0 = Debug|Any CPU
		{DFBF64DC-A67A-4D4B-B62E-6FA6B2FC2C36}.Release|Any CPU.ActiveCfg = Release|Any CPU
		{DFBF64DC-A67A-4D4B-B62E-6FA6B2FC2C36}.Release|Any CPU.Build.0 = Release|Any CPU
	EndGlobalSection
	GlobalSection(SolutionProperties) = preSolution
		HideSolutionNode = FALSE
	EndGlobalSection
	GlobalSection(ExtensibilityGlobals) = postSolution
		SolutionGuid = {93B1416C-5A0B-4F10-B0E8-DE0A586218B9}
	EndGlobalSection
EndGlobal
